
Microsoft Visual Studio Solution File, Format Version 12.00
# Visual Studio Version 17
VisualStudioVersion = 17.8.34316.72
MinimumVisualStudioVersion = 10.0.40219.1
Project("{9A19103F-16F7-4668-BE54-9A1E7A4F7556}") = "EncuestasServidor", "EncuestasServidor\EncuestasServidor.csproj", "{910532B7-F5B3-4B0E-BAA4-95F8882CBAE5}"
EndProject
Project("{9A19103F-16F7-4668-BE54-9A1E7A4F7556}") = "ApiActividades", "ApiActividades\ApiActividades.csproj", "{66236DC7-2DFD-4F53-B85C-249D16D421BC}"
EndProject
Project("{9A19103F-16F7-4668-BE54-9A1E7A4F7556}") = "ATBapi", "ATBapi\ATBapi.csproj", "{B06A37AC-0CBA-483B-AFB1-8D6027F2A5AA}"
EndProject
Project("{9A19103F-16F7-4668-BE54-9A1E7A4F7556}") = "ClienteSignalR", "ClienteSignalR\ClienteSignalR.csproj", "{F4E70443-1CB5-46E6-A3F0-5F900336D4C2}"
EndProject
Project("{9A19103F-16F7-4668-BE54-9A1E7A4F7556}") = "CajeroSignalR", "CajeroSignalR\CajeroSignalR.csproj", "{652D724A-67E8-4A48-B54C-CE32FC6E3AD4}"
EndProject
Project("{FAE04EC0-301F-11D3-BF4B-00C04F79EFBC}") = "DashboardSignalR", "DashboardSignalR\DashboardSignalR.csproj", "{D2DD3342-2838-432C-AF7D-68A9B6D00BF6}"
EndProject
Global
	GlobalSection(SolutionConfigurationPlatforms) = preSolution
		Debug|Any CPU = Debug|Any CPU
		Release|Any CPU = Release|Any CPU
	EndGlobalSection
	GlobalSection(ProjectConfigurationPlatforms) = postSolution
		{910532B7-F5B3-4B0E-BAA4-95F8882CBAE5}.Debug|Any CPU.ActiveCfg = Debug|Any CPU
		{910532B7-F5B3-4B0E-BAA4-95F8882CBAE5}.Debug|Any CPU.Build.0 = Debug|Any CPU
		{910532B7-F5B3-4B0E-BAA4-95F8882CBAE5}.Release|Any CPU.ActiveCfg = Release|Any CPU
		{910532B7-F5B3-4B0E-BAA4-95F8882CBAE5}.Release|Any CPU.Build.0 = Release|Any CPU
		{66236DC7-2DFD-4F53-B85C-249D16D421BC}.Debug|Any CPU.ActiveCfg = Debug|Any CPU
		{66236DC7-2DFD-4F53-B85C-249D16D421BC}.Debug|Any CPU.Build.0 = Debug|Any CPU
		{66236DC7-2DFD-4F53-B85C-249D16D421BC}.Release|Any CPU.ActiveCfg = Release|Any CPU
		{66236DC7-2DFD-4F53-B85C-249D16D421BC}.Release|Any CPU.Build.0 = Release|Any CPU
		{B06A37AC-0CBA-483B-AFB1-8D6027F2A5AA}.Debug|Any CPU.ActiveCfg = Debug|Any CPU
		{B06A37AC-0CBA-483B-AFB1-8D6027F2A5AA}.Debug|Any CPU.Build.0 = Debug|Any CPU
		{B06A37AC-0CBA-483B-AFB1-8D6027F2A5AA}.Release|Any CPU.ActiveCfg = Release|Any CPU
		{B06A37AC-0CBA-483B-AFB1-8D6027F2A5AA}.Release|Any CPU.Build.0 = Release|Any CPU
		{F4E70443-1CB5-46E6-A3F0-5F900336D4C2}.Debug|Any CPU.ActiveCfg = Debug|Any CPU
		{F4E70443-1CB5-46E6-A3F0-5F900336D4C2}.Debug|Any CPU.Build.0 = Debug|Any CPU
		{F4E70443-1CB5-46E6-A3F0-5F900336D4C2}.Release|Any CPU.ActiveCfg = Release|Any CPU
		{F4E70443-1CB5-46E6-A3F0-5F900336D4C2}.Release|Any CPU.Build.0 = Release|Any CPU
		{652D724A-67E8-4A48-B54C-CE32FC6E3AD4}.Debug|Any CPU.ActiveCfg = Debug|Any CPU
		{652D724A-67E8-4A48-B54C-CE32FC6E3AD4}.Debug|Any CPU.Build.0 = Debug|Any CPU
		{652D724A-67E8-4A48-B54C-CE32FC6E3AD4}.Release|Any CPU.ActiveCfg = Release|Any CPU
		{652D724A-67E8-4A48-B54C-CE32FC6E3AD4}.Release|Any CPU.Build.0 = Release|Any CPU
		{D2DD3342-2838-432C-AF7D-68A9B6D00BF6}.Debug|Any CPU.ActiveCfg = Debug|Any CPU
		{D2DD3342-2838-432C-AF7D-68A9B6D00BF6}.Debug|Any CPU.Build.0 = Debug|Any CPU
		{D2DD3342-2838-432C-AF7D-68A9B6D00BF6}.Release|Any CPU.ActiveCfg = Release|Any CPU
		{D2DD3342-2838-432C-AF7D-68A9B6D00BF6}.Release|Any CPU.Build.0 = Release|Any CPU
	EndGlobalSection
	GlobalSection(SolutionProperties) = preSolution
		HideSolutionNode = FALSE
	EndGlobalSection
	GlobalSection(ExtensibilityGlobals) = postSolution
		SolutionGuid = {C293D25C-9A25-4ADA-9710-E5108CBEC9C4}
	EndGlobalSection
EndGlobal
